
Microsoft Visual Studio Solution File, Format Version 12.00
# Visual Studio Version 17
VisualStudioVersion = 17.14.36518.9 d17.14
MinimumVisualStudioVersion = 10.0.40219.1
Project("{FAE04EC0-301F-11D3-BF4B-00C04F79EFBC}") = "HydroVue5_monitoring", "HydroVue5_monitoring.csproj", "{977BBFD9-7B24-458B-8544-DC9221F874B8}"
EndProject
Global
	GlobalSection(SolutionConfigurationPlatforms) = preSolution
		Debug|Any CPU = Debug|Any CPU
		Release|Any CPU = Release|Any CPU
	EndGlobalSection
	GlobalSection(ProjectConfigurationPlatforms) = postSolution
		{977BBFD9-7B24-458B-8544-DC9221F874B8}.Debug|Any CPU.ActiveCfg = Debug|Any CPU
		{977BBFD9-7B24-458B-8544-DC9221F874B8}.Debug|Any CPU.Build.0 = Debug|Any CPU
		{977BBFD9-7B24-458B-8544-DC9221F874B8}.Release|Any CPU.ActiveCfg = Release|Any CPU
		{977BBFD9-7B24-458B-8544-DC9221F874B8}.Release|Any CPU.Build.0 = Release|Any CPU
	EndGlobalSection
	GlobalSection(SolutionProperties) = preSolution
		HideSolutionNode = FALSE
	EndGlobalSection
	GlobalSection(ExtensibilityGlobals) = postSolution
		SolutionGuid = {F59B89A6-F162-4F34-81E5-C0EDC406CA44}
	EndGlobalSection
EndGlobal
